
Microsoft Visual Studio Solution File, Format Version 12.00
# Visual Studio Version 17
VisualStudioVersion = 17.3.32819.101
MinimumVisualStudioVersion = 10.0.40219.1
Project("{FAE04EC0-301F-11D3-BF4B-00C04F79EFBC}") = "FixedAssetConsumeApi", "FixedAssetConsumeApi\FixedAssetConsumeApi.csproj", "{1099D68A-554E-4926-B009-7B9FFA2F1E0A}"
EndProject
Global
	GlobalSection(SolutionConfigurationPlatforms) = preSolution
		Debug|Any CPU = Debug|Any CPU
		Release|Any CPU = Release|Any CPU
	EndGlobalSection
	GlobalSection(ProjectConfigurationPlatforms) = postSolution
		{1099D68A-554E-4926-B009-7B9FFA2F1E0A}.Debug|Any CPU.ActiveCfg = Debug|Any CPU
		{1099D68A-554E-4926-B009-7B9FFA2F1E0A}.Debug|Any CPU.Build.0 = Debug|Any CPU
		{1099D68A-554E-4926-B009-7B9FFA2F1E0A}.Release|Any CPU.ActiveCfg = Release|Any CPU
		{1099D68A-554E-4926-B009-7B9FFA2F1E0A}.Release|Any CPU.Build.0 = Release|Any CPU
	EndGlobalSection
	GlobalSection(SolutionProperties) = preSolution
		HideSolutionNode = FALSE
	EndGlobalSection
	GlobalSection(ExtensibilityGlobals) = postSolution
		SolutionGuid = {A8EDDA31-549C-477D-A035-1F197465F38C}
	EndGlobalSection
EndGlobal
